
Microsoft Visual Studio Solution File, Format Version 12.00
# Visual Studio Version 17
VisualStudioVersion = 17.3.32901.215
MinimumVisualStudioVersion = 10.0.40219.1
Project("{9A19103F-16F7-4668-BE54-9A1E7A4F7556}") = "TestCalculator", "TestCalculator\TestCalculator.csproj", "{710CB7F3-8283-4F7B-94B1-7CAE369AB009}"
EndProject
Project("{FAE04EC0-301F-11D3-BF4B-00C04F79EFBC}") = "Calculadora", "Calculadora\Calculadora.csproj", "{A3C46E1F-F950-4D2A-AE94-7DBC4EBA4D12}"
EndProject
Global
	GlobalSection(SolutionConfigurationPlatforms) = preSolution
		Debug|Any CPU = Debug|Any CPU
		Release|Any CPU = Release|Any CPU
	EndGlobalSection
	GlobalSection(ProjectConfigurationPlatforms) = postSolution
		{710CB7F3-8283-4F7B-94B1-7CAE369AB009}.Debug|Any CPU.ActiveCfg = Debug|Any CPU
		{710CB7F3-8283-4F7B-94B1-7CAE369AB009}.Debug|Any CPU.Build.0 = Debug|Any CPU
		{710CB7F3-8283-4F7B-94B1-7CAE369AB009}.Release|Any CPU.ActiveCfg = Release|Any CPU
		{710CB7F3-8283-4F7B-94B1-7CAE369AB009}.Release|Any CPU.Build.0 = Release|Any CPU
		{A3C46E1F-F950-4D2A-AE94-7DBC4EBA4D12}.Debug|Any CPU.ActiveCfg = Debug|Any CPU
		{A3C46E1F-F950-4D2A-AE94-7DBC4EBA4D12}.Debug|Any CPU.Build.0 = Debug|Any CPU
		{A3C46E1F-F950-4D2A-AE94-7DBC4EBA4D12}.Release|Any CPU.ActiveCfg = Release|Any CPU
		{A3C46E1F-F950-4D2A-AE94-7DBC4EBA4D12}.Release|Any CPU.Build.0 = Release|Any CPU
	EndGlobalSection
	GlobalSection(SolutionProperties) = preSolution
		HideSolutionNode = FALSE
	EndGlobalSection
	GlobalSection(ExtensibilityGlobals) = postSolution
		SolutionGuid = {451F973C-AFFC-405D-B822-436E550D034A}
	EndGlobalSection
EndGlobal
